
Microsoft Visual Studio Solution File, Format Version 12.00
# Visual Studio Version 17
VisualStudioVersion = 17.10.34916.146
MinimumVisualStudioVersion = 10.0.40219.1
Project("{2150E333-8FDC-42A3-9474-1A3956D46DE8}") = "Services", "Services", "{8E9898A4-8132-4971-A9FB-50B54B091A39}"
EndProject
Project("{2150E333-8FDC-42A3-9474-1A3956D46DE8}") = "Catalog", "Catalog", "{B836B8FB-F2E3-4CE8-A0CA-96B72DA83F5C}"
EndProject
Project("{9A19103F-16F7-4668-BE54-9A1E7A4F7556}") = "Catalog.API", "Services\Catalog\Catalog.API\Catalog.API.csproj", "{76327BC9-15AA-4008-A3CA-D065FAE03817}"
EndProject
Project("{2150E333-8FDC-42A3-9474-1A3956D46DE8}") = "Core", "Core", "{36F45785-9A13-48CF-8A14-0533EB69C607}"
EndProject
Project("{9A19103F-16F7-4668-BE54-9A1E7A4F7556}") = "Core", "Core\Core\Core.csproj", "{FFEF1ECC-A06A-4426-B9FC-6CB04BE44ADD}"
EndProject
Project("{E53339B2-1760-4266-BCC7-CA923CBCF16C}") = "docker-compose", "docker-compose.dcproj", "{90C17D1E-651F-4EB8-8A80-E1038745D7A3}"
EndProject
Project("{2150E333-8FDC-42A3-9474-1A3956D46DE8}") = "Basket", "Basket", "{BD8D5309-EA1D-488B-AFD6-E3C39A444238}"
EndProject
Project("{9A19103F-16F7-4668-BE54-9A1E7A4F7556}") = "Basket.API", "Services\Basket\Basket.API\Basket.API.csproj", "{2D7B2330-4CDA-400A-80E4-EA3AA4C2BF7D}"
EndProject
Project("{2150E333-8FDC-42A3-9474-1A3956D46DE8}") = "Discount", "Discount", "{4401731B-FC16-4DFE-BD06-5002E5570156}"
EndProject
Project("{9A19103F-16F7-4668-BE54-9A1E7A4F7556}") = "Discount.Grpc", "Services\Discount\Discount.Grpc\Discount.Grpc.csproj", "{B0B87856-334F-4FF3-B0C1-194171FF9AFD}"
EndProject
Project("{2150E333-8FDC-42A3-9474-1A3956D46DE8}") = "Ordering", "Ordering", "{D22F2EB2-54FC-4952-BCAB-CFC5DED0F260}"
EndProject
Project("{9A19103F-16F7-4668-BE54-9A1E7A4F7556}") = "Ordering.API", "Services\Ordering\Ordering.API\Ordering.API.csproj", "{41EF63FA-2CB1-4FEE-8B35-5058A58A04C2}"
EndProject
Project("{9A19103F-16F7-4668-BE54-9A1E7A4F7556}") = "Ordering.Domain", "Services\Ordering\Ordering.Domain\Ordering.Domain.csproj", "{3E2234BC-DA9D-4A6B-B1DA-116CD5420C32}"
EndProject
Project("{9A19103F-16F7-4668-BE54-9A1E7A4F7556}") = "Ordering.Application", "Services\Ordering\Ordering.Application\Ordering.Application.csproj", "{DE6EA550-0741-4489-A411-1877AA97DAFE}"
EndProject
Project("{9A19103F-16F7-4668-BE54-9A1E7A4F7556}") = "Ordering.Infrastructure", "Services\Ordering\Ordering.Infrastructure\Ordering.Infrastructure.csproj", "{C5DD745C-7A7D-4A51-BDAB-A7D48F8260AB}"
EndProject
Project("{FAE04EC0-301F-11D3-BF4B-00C04F79EFBC}") = "Core.Messaging", "Core\Core.Messaging\Core.Messaging.csproj", "{512149D1-7ACE-4C6F-BE79-D96F7BFE0AE9}"
EndProject
Global
	GlobalSection(SolutionConfigurationPlatforms) = preSolution
		Debug|Any CPU = Debug|Any CPU
		Release|Any CPU = Release|Any CPU
	EndGlobalSection
	GlobalSection(ProjectConfigurationPlatforms) = postSolution
		{76327BC9-15AA-4008-A3CA-D065FAE03817}.Debug|Any CPU.ActiveCfg = Debug|Any CPU
		{76327BC9-15AA-4008-A3CA-D065FAE03817}.Debug|Any CPU.Build.0 = Debug|Any CPU
		{76327BC9-15AA-4008-A3CA-D065FAE03817}.Release|Any CPU.ActiveCfg = Release|Any CPU
		{76327BC9-15AA-4008-A3CA-D065FAE03817}.Release|Any CPU.Build.0 = Release|Any CPU
		{FFEF1ECC-A06A-4426-B9FC-6CB04BE44ADD}.Debug|Any CPU.ActiveCfg = Debug|Any CPU
		{FFEF1ECC-A06A-4426-B9FC-6CB04BE44ADD}.Debug|Any CPU.Build.0 = Debug|Any CPU
		{FFEF1ECC-A06A-4426-B9FC-6CB04BE44ADD}.Release|Any CPU.ActiveCfg = Release|Any CPU
		{FFEF1ECC-A06A-4426-B9FC-6CB04BE44ADD}.Release|Any CPU.Build.0 = Release|Any CPU
		{90C17D1E-651F-4EB8-8A80-E1038745D7A3}.Debug|Any CPU.ActiveCfg = Debug|Any CPU
		{90C17D1E-651F-4EB8-8A80-E1038745D7A3}.Debug|Any CPU.Build.0 = Debug|Any CPU
		{90C17D1E-651F-4EB8-8A80-E1038745D7A3}.Release|Any CPU.ActiveCfg = Release|Any CPU
		{90C17D1E-651F-4EB8-8A80-E1038745D7A3}.Release|Any CPU.Build.0 = Release|Any CPU
		{2D7B2330-4CDA-400A-80E4-EA3AA4C2BF7D}.Debug|Any CPU.ActiveCfg = Debug|Any CPU
		{2D7B2330-4CDA-400A-80E4-EA3AA4C2BF7D}.Debug|Any CPU.Build.0 = Debug|Any CPU
		{2D7B2330-4CDA-400A-80E4-EA3AA4C2BF7D}.Release|Any CPU.ActiveCfg = Release|Any CPU
		{2D7B2330-4CDA-400A-80E4-EA3AA4C2BF7D}.Release|Any CPU.Build.0 = Release|Any CPU
		{B0B87856-334F-4FF3-B0C1-194171FF9AFD}.Debug|Any CPU.ActiveCfg = Debug|Any CPU
		{B0B87856-334F-4FF3-B0C1-194171FF9AFD}.Debug|Any CPU.Build.0 = Debug|Any CPU
		{B0B87856-334F-4FF3-B0C1-194171FF9AFD}.Release|Any CPU.ActiveCfg = Release|Any CPU
		{B0B87856-334F-4FF3-B0C1-194171FF9AFD}.Release|Any CPU.Build.0 = Release|Any CPU
		{41EF63FA-2CB1-4FEE-8B35-5058A58A04C2}.Debug|Any CPU.ActiveCfg = Debug|Any CPU
		{41EF63FA-2CB1-4FEE-8B35-5058A58A04C2}.Debug|Any CPU.Build.0 = Debug|Any CPU
		{41EF63FA-2CB1-4FEE-8B35-5058A58A04C2}.Release|Any CPU.ActiveCfg = Release|Any CPU
		{41EF63FA-2CB1-4FEE-8B35-5058A58A04C2}.Release|Any CPU.Build.0 = Release|Any CPU
		{3E2234BC-DA9D-4A6B-B1DA-116CD5420C32}.Debug|Any CPU.ActiveCfg = Debug|Any CPU
		{3E2234BC-DA9D-4A6B-B1DA-116CD5420C32}.Debug|Any CPU.Build.0 = Debug|Any CPU
		{3E2234BC-DA9D-4A6B-B1DA-116CD5420C32}.Release|Any CPU.ActiveCfg = Release|Any CPU
		{3E2234BC-DA9D-4A6B-B1DA-116CD5420C32}.Release|Any CPU.Build.0 = Release|Any CPU
		{DE6EA550-0741-4489-A411-1877AA97DAFE}.Debug|Any CPU.ActiveCfg = Debug|Any CPU
		{DE6EA550-0741-4489-A411-1877AA97DAFE}.Debug|Any CPU.Build.0 = Debug|Any CPU
		{DE6EA550-0741-4489-A411-1877AA97DAFE}.Release|Any CPU.ActiveCfg = Release|Any CPU
		{DE6EA550-0741-4489-A411-1877AA97DAFE}.Release|Any CPU.Build.0 = Release|Any CPU
		{C5DD745C-7A7D-4A51-BDAB-A7D48F8260AB}.Debug|Any CPU.ActiveCfg = Debug|Any CPU
		{C5DD745C-7A7D-4A51-BDAB-A7D48F8260AB}.Debug|Any CPU.Build.0 = Debug|Any CPU
		{C5DD745C-7A7D-4A51-BDAB-A7D48F8260AB}.Release|Any CPU.ActiveCfg = Release|Any CPU
		{C5DD745C-7A7D-4A51-BDAB-A7D48F8260AB}.Release|Any CPU.Build.0 = Release|Any CPU
		{512149D1-7ACE-4C6F-BE79-D96F7BFE0AE9}.Debug|Any CPU.ActiveCfg = Debug|Any CPU
		{512149D1-7ACE-4C6F-BE79-D96F7BFE0AE9}.Debug|Any CPU.Build.0 = Debug|Any CPU
		{512149D1-7ACE-4C6F-BE79-D96F7BFE0AE9}.Release|Any CPU.ActiveCfg = Release|Any CPU
		{512149D1-7ACE-4C6F-BE79-D96F7BFE0AE9}.Release|Any CPU.Build.0 = Release|Any CPU
	EndGlobalSection
	GlobalSection(SolutionProperties) = preSolution
		HideSolutionNode = FALSE
	EndGlobalSection
	GlobalSection(NestedProjects) = preSolution
		{B836B8FB-F2E3-4CE8-A0CA-96B72DA83F5C} = {8E9898A4-8132-4971-A9FB-50B54B091A39}
		{76327BC9-15AA-4008-A3CA-D065FAE03817} = {B836B8FB-F2E3-4CE8-A0CA-96B72DA83F5C}
		{FFEF1ECC-A06A-4426-B9FC-6CB04BE44ADD} = {36F45785-9A13-48CF-8A14-0533EB69C607}
		{BD8D5309-EA1D-488B-AFD6-E3C39A444238} = {8E9898A4-8132-4971-A9FB-50B54B091A39}
		{2D7B2330-4CDA-400A-80E4-EA3AA4C2BF7D} = {BD8D5309-EA1D-488B-AFD6-E3C39A444238}
		{4401731B-FC16-4DFE-BD06-5002E5570156} = {8E9898A4-8132-4971-A9FB-50B54B091A39}
		{B0B87856-334F-4FF3-B0C1-194171FF9AFD} = {4401731B-FC16-4DFE-BD06-5002E5570156}
		{D22F2EB2-54FC-4952-BCAB-CFC5DED0F260} = {8E9898A4-8132-4971-A9FB-50B54B091A39}
		{41EF63FA-2CB1-4FEE-8B35-5058A58A04C2} = {D22F2EB2-54FC-4952-BCAB-CFC5DED0F260}
		{3E2234BC-DA9D-4A6B-B1DA-116CD5420C32} = {D22F2EB2-54FC-4952-BCAB-CFC5DED0F260}
		{DE6EA550-0741-4489-A411-1877AA97DAFE} = {D22F2EB2-54FC-4952-BCAB-CFC5DED0F260}
		{C5DD745C-7A7D-4A51-BDAB-A7D48F8260AB} = {D22F2EB2-54FC-4952-BCAB-CFC5DED0F260}
		{512149D1-7ACE-4C6F-BE79-D96F7BFE0AE9} = {36F45785-9A13-48CF-8A14-0533EB69C607}
	EndGlobalSection
	GlobalSection(ExtensibilityGlobals) = postSolution
		SolutionGuid = {289AA418-B4FD-43AB-9B72-DD6E3C480909}
	EndGlobalSection
EndGlobal
